
Microsoft Visual Studio Solution File, Format Version 12.00
# Visual Studio Version 17
VisualStudioVersion = 17.5.33627.172
MinimumVisualStudioVersion = 10.0.40219.1
Project("{8BC9CEB8-8B4A-11D0-8D11-00A0C91BC942}") = "MT3_00_05", "MT3_00_05.vcxproj", "{7F8EDEA4-41F2-4B22-A5D4-CD954D742078}"
EndProject
Global
	GlobalSection(SolutionConfigurationPlatforms) = preSolution
		Debug|x64 = Debug|x64
		Release|x64 = Release|x64
	EndGlobalSection
	GlobalSection(ProjectConfigurationPlatforms) = postSolution
		{7F8EDEA4-41F2-4B22-A5D4-CD954D742078}.Debug|x64.ActiveCfg = Debug|x64
		{7F8EDEA4-41F2-4B22-A5D4-CD954D742078}.Debug|x64.Build.0 = Debug|x64
		{7F8EDEA4-41F2-4B22-A5D4-CD954D742078}.Release|x64.ActiveCfg = Release|x64
		{7F8EDEA4-41F2-4B22-A5D4-CD954D742078}.Release|x64.Build.0 = Release|x64
	EndGlobalSection
	GlobalSection(SolutionProperties) = preSolution
		HideSolutionNode = FALSE
	EndGlobalSection
	GlobalSection(ExtensibilityGlobals) = postSolution
		SolutionGuid = {CE922908-9512-4D2C-9197-6FAFE8BCC7E1}
	EndGlobalSection
EndGlobal
